
Microsoft Visual Studio Solution File, Format Version 12.00
# Visual Studio Version 17
VisualStudioVersion = 17.13.35825.156 d17.13
MinimumVisualStudioVersion = 10.0.40219.1
Project("{FAE04EC0-301F-11D3-BF4B-00C04F79EFBC}") = "Setup_DBMS", "Setup_DBMS\Setup_DBMS.csproj", "{F3D527D7-97E7-4D25-A1D5-E3688F55AF7C}"
EndProject
Global
	GlobalSection(SolutionConfigurationPlatforms) = preSolution
		Debug|Any CPU = Debug|Any CPU
		Release|Any CPU = Release|Any CPU
	EndGlobalSection
	GlobalSection(ProjectConfigurationPlatforms) = postSolution
		{F3D527D7-97E7-4D25-A1D5-E3688F55AF7C}.Debug|Any CPU.ActiveCfg = Debug|Any CPU
		{F3D527D7-97E7-4D25-A1D5-E3688F55AF7C}.Debug|Any CPU.Build.0 = Debug|Any CPU
		{F3D527D7-97E7-4D25-A1D5-E3688F55AF7C}.Release|Any CPU.ActiveCfg = Release|Any CPU
		{F3D527D7-97E7-4D25-A1D5-E3688F55AF7C}.Release|Any CPU.Build.0 = Release|Any CPU
	EndGlobalSection
	GlobalSection(SolutionProperties) = preSolution
		HideSolutionNode = FALSE
	EndGlobalSection
	GlobalSection(ExtensibilityGlobals) = postSolution
		SolutionGuid = {016A2EA8-6F29-41DF-BC64-39EDF52C6BE4}
	EndGlobalSection
EndGlobal
